github.com/GoesToEleven/golang-web-dev v0.0.0-20181129035912-e50d84f99a3b h1:VcmAIcu8FwmnRDLBBUYJ5Pwo74wAhltEBz6WNlv/a/8=
github.com/GoesToEleven/golang-web-dev v0.0.0-20181129035912-e50d84f99a3b/go.mod h1:kCzgRnGeAg0uoJRAJeogJJE1TBmBI0Vd1sSYJW00br0=
github.com/PuerkitoBio/goquery v0.0.0-20181128162247-6de745427147 h1:nKg4/pQ5JB4bX2hzqf2Gbyc3+BYuvw4rNekX5rnm6A8=
github.com/PuerkitoBio/goquery v0.0.0-20181128162247-6de745427147/go.mod h1:T9ezsOHcCrDCgA8aF1Cqr3sSYbO/xgdy8/R/XiIMAhA=
github.com/PuerkitoBio/goquery v1.5.0 h1:uGvmFXOA73IKluu/F84Xd1tt/z07GYm8X49XKHP7EJk=
github.com/PuerkitoBio/goquery v1.5.0/go.mod h1:qD2PgZ9lccMbQlc7eEOjaeRlFQON7xY8kdmcsrnKqMg=
github.com/andybalholm/cascadia v1.0.0 h1:hOCXnnZ5A+3eVDX8pvgl4kofXv2ELss0bKcqRySc45o=
github.com/andybalholm/cascadia v1.0.0/go.mod h1:GsXiBklL0woXo1j/WYWtSYYC4ouU9PqHO0sqidkEA4Y=
github.com/antchfx/htmlquery v0.0.0-20181128162247-6de745427147 h1:ffCyeVrcrRwzQJ1QvmCdhyvjRf9XXTXwvSDIE0b6dS4=
github.com/antchfx/htmlquery v0.0.0-20181228060131-db5c1236cbb4 h1:BTaaUJk9rPlRPuQ91lRhckgc9LdLBfoN8AMeW/9SOBw=
github.com/antchfx/htmlquery v0.0.0-20181228060131-db5c1236cbb4/go.mod h1:MS9yksVSQXls00iXkiMqXr0J+umL/AmxXKuP28SUJM8=
github.com/antchfx/xmlquery v0.0.0-20181128162247-6de745427147 h1:Cft12wRb+hESB339pCrEqYlg0SJm3TIKrt/RH5L2LDw=
github.com/antchfx/xmlquery v0.0.0-20181223105952-355641961c92 h1:4EgP6xLAdrD/TRlbSw4n2W6h68K2P3+R7lKqFoL5U9Q=
github.com/antchfx/xmlquery v0.0.0-20181223105952-355641961c92/go.mod h1:/+CnyD/DzHRnv2eRxrVbieRU/FIF6N0C+7oTtyUtCKk=
github.com/antchfx/xpath v0.0.0-20181128162247-6de745427147 h1:gxnpSiUc7IZTDnEV2XzEhH/fNMyXcYipSTIrCz8Rt+w=
github.com/antchfx/xpath v0.0.0-20181208024549-4bbdf6db12aa h1:lL66YnJWy1tHlhjSx8fXnpgmv8kQVYnI4ilbYpNB6Zs=
github.com/antchfx/xpath v0.0.0-20181208024549-4bbdf6db12aa/go.mod h1:Yee4kTMuNiPYJ7nSNorELQMr1J33uOpXDMByNYhvtNk=
github.com/gin-gonic/gin v0.0.0-20181128162247-6de745427147 h1:nAPZN56OTqpNkgHNA7nBys+c8orTOmxIDA2TbQU9RAk=
github.com/gobwas/glob v0.0.0-20181128162247-6de745427147 h1:xCHtBwOEXclfHKPP/ki104p9xOuoRdNRc4Kv4pQFRrU=
github.com/gobwas/glob v0.2.3 h1:A4xDbljILXROh+kObIiy5kIaPYD8e96x1tgBhUI5J+Y=
github.com/gobwas/glob v0.2.3/go.mod h1:d3Ez4x06l9bZtSvzIay5+Yzi0fmZzPgnTbPcKjJAkT8=
github.com/gocolly/colly v0.0.0-20181128162247-6de745427147 h1:g4JjqLuJ+8yfTmGgyPefFLi5/n5KiIsuyTeMEC6uz4s=
github.com/gocolly/colly v0.0.0-20181128162247-6de745427147/go.mod h1:Hof5T3ZswNVsOHYmba1u03W65HDWgpV5HifSuueE0EA=
github.com/gocolly/colly v1.1.0 h1:B1M8NzjFpuhagut8f2ILUDlWMag+nTx+PWEmPy7RhrE=
github.com/gocolly/colly v1.1.0/go.mod h1:Hof5T3ZswNVsOHYmba1u03W65HDWgpV5HifSuueE0EA=
github.com/golang/protobuf v1.2.0 h1:P3YflyNX/ehuJFLhxviNdFxQPkGK5cDcApsge1SqnvM=
github.com/golang/protobuf v1.2.0/go.mod h1:6lQm79b+lXiMfvg/cZm0SGofjICqVBUtrP5yJMmIC1U=
github.com/gorilla/mux v0.0.0-20181128162247-6de745427147 h1:HJ8Ggu5Ro7P9ORrxQGkIfXnqLLVCXdg73sCz8y2Ic6Q=
github.com/gorilla/mux v1.6.2 h1:Pgr17XVTNXAk3q/r4CpKzC5xBM/qW1uVLV+IhRZpIIk=
github.com/gorilla/mux v1.6.2/go.mod h1:1lud6UwP+6orDFRuTfBEV8e9/aOM/c4fVVCaMa2zaAs=
github.com/heroku/go-getting-started v0.0.0-20171212200808-a8bffc1cac53 h1:vUTY97EPxHEoB/F6R5+cw+N1QfbgdNRz8v+LImHlAIY=
github.com/heroku/go-getting-started v0.0.0-20171212200808-a8bffc1cac53/go.mod h1:lnz2eMdIbwWFpmQVwY8Q8HEFQjlb6JLgk9FCQx6h2vc=
github.com/heroku/go-getting-started v0.0.0-20181128162247-6de745427147 h1:YGuFA5uSRs5S7RQ9ZeuGfB2SpVk6sWOQ8iPR8xg6QtU=
github.com/heroku/go-getting-started v0.0.0-20181128162247-6de745427147/go.mod h1:lnz2eMdIbwWFpmQVwY8Q8HEFQjlb6JLgk9FCQx6h2vc=
github.com/heroku/x v0.0.0-20181128162247-6de745427147 h1:6eBiriG/x/Oft2LU4iA7GnK8+GEs0O13ysrY2bnt+AM=
github.com/jirawat050/controller v0.0.0-20181128162247-6de745427147 h1:VsaylTrHjj1jnXGxrW8rI3UFpg+gzmrOvno4Xy5iO3k=
github.com/julienschmidt/httprouter v0.0.0-20181128162247-6de745427147 h1:85SUqE83TpZU9KoR1EP1qtmGiXx3cryzOLXSlp7ZfeA=
github.com/julienschmidt/httprouter v0.0.0-20181128162247-6de745427147/go.mod h1:SYymIcj16QtmaHHD7aYtjjsJG7VTCxuUUipMqKk8s4w=
github.com/julienschmidt/httprouter v1.2.0 h1:TDTW5Yz1mjftljbcKqRcrYhd4XeOoI98t+9HbQbYf7g=
github.com/julienschmidt/httprouter v1.2.0/go.mod h1:SYymIcj16QtmaHHD7aYtjjsJG7VTCxuUUipMqKk8s4w=
github.com/kennygrant/sanitize v0.0.0-20181128162247-6de745427147 h1:QxBKz0qCRMTeF/PB8By8zf/tPh1HMGxhngVzgMgh/ms=
github.com/kennygrant/sanitize v1.2.4 h1:gN25/otpP5vAsO2djbMhF/LQX6R7+O1TB4yv8NzpJ3o=
github.com/kennygrant/sanitize v1.2.4/go.mod h1:LGsjYYtgxbetdg5owWB2mpgUL6e2nfw2eObZ0u0qvak=
github.com/saintfish/chardet v0.0.0-20120816061221-3af4cd4741ca h1:NugYot0LIVPxTvN8n+Kvkn6TrbMyxQiuvKdEwFdR9vI=
github.com/saintfish/chardet v0.0.0-20120816061221-3af4cd4741ca/go.mod h1:uugorj2VCxiV1x+LzaIdVa9b4S4qGAcH6cbhh4qVxOU=
github.com/saintfish/chardet v0.0.0-20181128162247-6de745427147 h1:54bKRw1ta2SoV2pgLaAnUPjn67uim6y0kTa5NlJqE4g=
github.com/temoto/robotstxt v0.0.0-20180810133444-97ee4a9ee6ea h1:hH8P1IiDpzRU6ZDbDh/RDnVuezi2oOXJpApa06M0zyI=
github.com/temoto/robotstxt v0.0.0-20180810133444-97ee4a9ee6ea/go.mod h1:aOux3gHPCftJ3KHq6Pz/AlDjYJ7Y+yKfm1gU/3B0u04=
github.com/temoto/robotstxt v0.0.0-20181128162247-6de745427147 h1:l7CwAmzOS8Pa6bUhe9gxIJmJ//icGDivSAVCvoAy2i4=
goji.io v0.0.0-20181128162247-6de745427147 h1:Z2YJJSgFHOWAt8dSem0g7biYL86wZO8s5qoZe3DRNkc=
goji.io v0.0.0-20181128162247-6de745427147/go.mod h1:sbqFwrtqZACxLBTQcdgVjFh54yGVCvwq8+w49MVMMIk=
goji.io v2.0.0+incompatible h1:QY6NuzeDeRk+8Iby4IfuN/k0d82K+fDFslQF2I2f6AM=
goji.io v2.0.0+incompatible/go.mod h1:sbqFwrtqZACxLBTQcdgVjFh54yGVCvwq8+w49MVMMIk=
golang.org/x/net v0.0.0-20180218175443-cbe0f9307d01/go.mod h1:mL1N/T3taQHkDXs73rZJwtUhF3w3ftmwwsq0BUmARs4=
golang.org/x/net v0.0.0-20180724234803-3673e40ba225/go.mod h1:mL1N/T3taQHkDXs73rZJwtUhF3w3ftmwwsq0BUmARs4=
golang.org/x/net v0.0.0-20181114220301-adae6a3d119a/go.mod h1:mL1N/T3taQHkDXs73rZJwtUhF3w3ftmwwsq0BUmARs4=
golang.org/x/net v0.0.0-20190108155000-395948e2f546 h1:tkMg6+6TF2qZ/3I8fw+DiNgPSsABxdVIqWE90w8Vxzk=
golang.org/x/net v0.0.0-20190108155000-395948e2f546/go.mod h1:mL1N/T3taQHkDXs73rZJwtUhF3w3ftmwwsq0BUmARs4=
golang.org/x/text v0.0.0-20181128162247-6de745427147 h1:k0vgSwmP8UnDr9VFvaDVA/S4n4A4TX7ydWAWLiU22Ss=
golang.org/x/text v0.3.0 h1:g61tztE5qeGQ89tm6NTjjM9VPIm088od1l6aSorWRWg=
golang.org/x/text v0.3.0/go.mod h1:NqM8EUOU14njkJ3fqMW+pc6Ldnwhi/IjpwHt7yyuwOQ=
google.golang.org/appengine v0.0.0-20181128162247-6de745427147 h1:faO9FybnjZzeVzSEuUdUIbkmsAih5cCAUHjfEDHihSk=
google.golang.org/appengine v1.4.0 h1:/wp5JvzpHIxhs/dumFmF7BXTf3Z+dd4uXta4kVyO508=
google.golang.org/appengine v1.4.0/go.mod h1:xpcJRLb0r/rnEns0DIKYYv+WjYCduHsrkT7/EB5XEv4=
gopkg.in/mgo.v2 v2.0.0-20180705113604-9856a29383ce h1:xcEWjVhvbDy+nHP67nPDDpbYrY+ILlfndk4bRioVHaU=
gopkg.in/mgo.v2 v2.0.0-20180705113604-9856a29383ce/go.mod h1:yeKp02qBN3iKW1OzL3MGk2IdtZzaj7SFntXj72NppTA=
gopkg.in/mgo.v2 v2.0.0-20181128162247-6de745427147 h1:0SAJGmzutCAuE02E2OxnLAVqFK3/A636sfUcpO7fDl8=
